// !$*UTF8*$!
{
	archiveVersion = 1;
	classes = {
	};
	objectVersion = 46;
	objects = {

/* Begin PBXBuildFile section */
		00AF1DD31C3D5A4900BEC5C9 /* ProfileView.swift in Sources */ = {isa = PBXBuildFile; fileRef = 00AF1DD21C3D5A4900BEC5C9 /* ProfileView.swift */; };
		00AF1DD71C3D5B3B00BEC5C9 /* BaseViewControllerSwift.framework in Frameworks */ = {isa = PBXBuildFile; fileRef = 00AF1DD61C3D5B3B00BEC5C9 /* BaseViewControllerSwift.framework */; };
		00AF1DDA1C3D5C7800BEC5C9 /* Profile.swift in Sources */ = {isa = PBXBuildFile; fileRef = 00AF1DD91C3D5C7800BEC5C9 /* Profile.swift */; };
		00E0F5E41C3D1748001478FB /* AppDelegate.swift in Sources */ = {isa = PBXBuildFile; fileRef = 00E0F5E11C3D1748001478FB /* AppDelegate.swift */; };
		00E0F5E61C3D1748001478FB /* ProfileViewController.swift in Sources */ = {isa = PBXBuildFile; fileRef = 00E0F5E31C3D1748001478FB /* ProfileViewController.swift */; };
		00E0F5EA1C3D1765001478FB /* Assets.xcassets in Resources */ = {isa = PBXBuildFile; fileRef = 00E0F5E71C3D1765001478FB /* Assets.xcassets */; };
		00E0F5EB1C3D1765001478FB /* LaunchScreen.storyboard in Resources */ = {isa = PBXBuildFile; fileRef = 00E0F5E81C3D1765001478FB /* LaunchScreen.storyboard */; };
/* End PBXBuildFile section */

/* Begin PBXFileReference section */
		00AF1DD21C3D5A4900BEC5C9 /* ProfileView.swift */ = {isa = PBXFileReference; fileEncoding = 4; lastKnownFileType = sourcecode.swift; path = ProfileView.swift; sourceTree = "<group>"; };
		00AF1DD61C3D5B3B00BEC5C9 /* BaseViewControllerSwift.framework */ = {isa = PBXFileReference; lastKnownFileType = wrapper.framework; name = BaseViewControllerSwift.framework; path = "build/Debug-iphoneos/BaseViewControllerSwift.framework"; sourceTree = "<group>"; };
		00AF1DD91C3D5C7800BEC5C9 /* Profile.swift */ = {isa = PBXFileReference; fileEncoding = 4; lastKnownFileType = sourcecode.swift; path = Profile.swift; sourceTree = "<group>"; };
		00E0F5CB1C3D16E8001478FB /* iOS Example.app */ = {isa = PBXFileReference; explicitFileType = wrapper.application; includeInIndex = 0; path = "iOS Example.app"; sourceTree = BUILT_PRODUCTS_DIR; };
		00E0F5E11C3D1748001478FB /* AppDelegate.swift */ = {isa = PBXFileReference; fileEncoding = 4; lastKnownFileType = sourcecode.swift; path = AppDelegate.swift; sourceTree = "<group>"; };
		00E0F5E21C3D1748001478FB /* Info.plist */ = {isa = PBXFileReference; fileEncoding = 4; lastKnownFileType = text.plist.xml; path = Info.plist; sourceTree = "<group>"; };
		00E0F5E31C3D1748001478FB /* ProfileViewController.swift */ = {isa = PBXFileReference; fileEncoding = 4; lastKnownFileType = sourcecode.swift; path = ProfileViewController.swift; sourceTree = "<group>"; };
		00E0F5E71C3D1765001478FB /* Assets.xcassets */ = {isa = PBXFileReference; lastKnownFileType = folder.assetcatalog; path = Assets.xcassets; sourceTree = "<group>"; };
		00E0F5E81C3D1765001478FB /* LaunchScreen.storyboard */ = {isa = PBXFileReference; fileEncoding = 4; lastKnownFileType = file.storyboard; path = LaunchScreen.storyboard; sourceTree = "<group>"; };
/* End PBXFileReference section */

/* Begin PBXFrameworksBuildPhase section */
		00E0F5C81C3D16E8001478FB /* Frameworks */ = {
			isa = PBXFrameworksBuildPhase;
			buildActionMask = 2147483647;
			files = (
				00AF1DD71C3D5B3B00BEC5C9 /* BaseViewControllerSwift.framework in Frameworks */,
			);
			runOnlyForDeploymentPostprocessing = 0;
		};
/* End PBXFrameworksBuildPhase section */

/* Begin PBXGroup section */
		00AF1DD41C3D5A4F00BEC5C9 /* Supporting Files */ = {
			isa = PBXGroup;
			children = (
				00E0F5E71C3D1765001478FB /* Assets.xcassets */,
				00E0F5E21C3D1748001478FB /* Info.plist */,
			);
			name = "Supporting Files";
			sourceTree = "<group>";
		};
		00AF1DD81C3D5B4400BEC5C9 /* Frameworks */ = {
			isa = PBXGroup;
			children = (
				00AF1DD61C3D5B3B00BEC5C9 /* BaseViewControllerSwift.framework */,
			);
			name = Frameworks;
			sourceTree = "<group>";
		};
		00E0F5C21C3D16E8001478FB = {
			isa = PBXGroup;
			children = (
				00E0F5E01C3D1726001478FB /* Sources */,
				00AF1DD81C3D5B4400BEC5C9 /* Frameworks */,
				00E0F5CC1C3D16E8001478FB /* Products */,
			);
			sourceTree = "<group>";
		};
		00E0F5CC1C3D16E8001478FB /* Products */ = {
			isa = PBXGroup;
			children = (
				00E0F5CB1C3D16E8001478FB /* iOS Example.app */,
			);
			name = Products;
			sourceTree = "<group>";
		};
		00E0F5E01C3D1726001478FB /* Sources */ = {
			isa = PBXGroup;
			children = (
				00E0F5E81C3D1765001478FB /* LaunchScreen.storyboard */,
				00E0F5E11C3D1748001478FB /* AppDelegate.swift */,
				00AF1DD91C3D5C7800BEC5C9 /* Profile.swift */,
				00E0F5E31C3D1748001478FB /* ProfileViewController.swift */,
				00AF1DD21C3D5A4900BEC5C9 /* ProfileView.swift */,
				00AF1DD41C3D5A4F00BEC5C9 /* Supporting Files */,
			);
			name = Sources;
			path = Example;
			sourceTree = "<group>";
		};
/* End PBXGroup section */

/* Begin PBXNativeTarget section */
		00E0F5CA1C3D16E8001478FB /* iOS Example */ = {
			isa = PBXNativeTarget;
			buildConfigurationList = 00E0F5DD1C3D16E8001478FB /* Build configuration list for PBXNativeTarget "iOS Example" */;
			buildPhases = (
				00E0F5C71C3D16E8001478FB /* Sources */,
				00E0F5C81C3D16E8001478FB /* Frameworks */,
				00E0F5C91C3D16E8001478FB /* Resources */,
			);
			buildRules = (
			);
			dependencies = (
			);
			name = "iOS Example";
			productName = "iOS Example";
			productReference = 00E0F5CB1C3D16E8001478FB /* iOS Example.app */;
			productType = "com.apple.product-type.application";
		};
/* End PBXNativeTarget section */

/* Begin PBXProject section */
		00E0F5C31C3D16E8001478FB /* Project object */ = {
			isa = PBXProject;
			attributes = {
				LastSwiftUpdateCheck = 0720;
				LastUpgradeCheck = 0800;
				ORGANIZATIONNAME = BaseViewControllerSwift;
				TargetAttributes = {
					00E0F5CA1C3D16E8001478FB = {
						CreatedOnToolsVersion = 7.2;
						LastSwiftMigration = 0800;
					};
				};
			};
			buildConfigurationList = 00E0F5C61C3D16E8001478FB /* Build configuration list for PBXProject "iOS Example" */;
			compatibilityVersion = "Xcode 3.2";
			developmentRegion = English;
			hasScannedForEncodings = 0;
			knownRegions = (
				en,
				Base,
			);
			mainGroup = 00E0F5C21C3D16E8001478FB;
			productRefGroup = 00E0F5CC1C3D16E8001478FB /* Products */;
			projectDirPath = "";
			projectRoot = "";
			targets = (
				00E0F5CA1C3D16E8001478FB /* iOS Example */,
			);
		};
/* End PBXProject section */

/* Begin PBXResourcesBuildPhase section */
		00E0F5C91C3D16E8001478FB /* Resources */ = {
			isa = PBXResourcesBuildPhase;
			buildActionMask = 2147483647;
			files = (
				00E0F5EB1C3D1765001478FB /* LaunchScreen.storyboard in Resources */,
				00E0F5EA1C3D1765001478FB /* Assets.xcassets in Resources */,
			);
			runOnlyForDeploymentPostprocessing = 0;
		};
/* End PBXResourcesBuildPhase section */

/* Begin PBXSourcesBuildPhase section */
		00E0F5C71C3D16E8001478FB /* Sources */ = {
			isa = PBXSourcesBuildPhase;
			buildActionMask = 2147483647;
			files = (
				00E0F5E61C3D1748001478FB /* ProfileViewController.swift in Sources */,
				00AF1DDA1C3D5C7800BEC5C9 /* Profile.swift in Sources */,
				00E0F5E41C3D1748001478FB /* AppDelegate.swift in Sources */,
				00AF1DD31C3D5A4900BEC5C9 /* ProfileView.swift in Sources */,
			);
			runOnlyForDeploymentPostprocessing = 0;
		};
/* End PBXSourcesBuildPhase section */

/* Begin XCBuildConfiguration section */
		00E0F5DB1C3D16E8001478FB /* Debug */ = {
			isa = XCBuildConfiguration;
			buildSettings = {
				ALWAYS_SEARCH_USER_PATHS = NO;
				CLANG_CXX_LANGUAGE_STANDARD = "gnu++0x";
				CLANG_CXX_LIBRARY = "libc++";
				CLANG_ENABLE_MODULES = YES;
				CLANG_ENABLE_OBJC_ARC = YES;
				CLANG_WARN_BOOL_CONVERSION = YES;
				CLANG_WARN_CONSTANT_CONVERSION = YES;
				CLANG_WARN_DIRECT_OBJC_ISA_USAGE = YES_ERROR;
				CLANG_WARN_EMPTY_BODY = YES;
				CLANG_WARN_ENUM_CONVERSION = YES;
				CLANG_WARN_INFINITE_RECURSION = YES;
				CLANG_WARN_INT_CONVERSION = YES;
				CLANG_WARN_OBJC_ROOT_CLASS = YES_ERROR;
				CLANG_WARN_SUSPICIOUS_MOVE = YES;
				CLANG_WARN_UNREACHABLE_CODE = YES;
				CLANG_WARN__DUPLICATE_METHOD_MATCH = YES;
				"CODE_SIGN_IDENTITY[sdk=iphoneos*]" = "iPhone Developer";
				COPY_PHASE_STRIP = NO;
				DEBUG_INFORMATION_FORMAT = dwarf;
				ENABLE_STRICT_OBJC_MSGSEND = YES;
				ENABLE_TESTABILITY = YES;
				GCC_C_LANGUAGE_STANDARD = gnu99;
				GCC_DYNAMIC_NO_PIC = NO;
				GCC_NO_COMMON_BLOCKS = YES;
				GCC_OPTIMIZATION_LEVEL = 0;
				GCC_PREPROCESSOR_DEFINITIONS = (
					"DEBUG=1",
					"$(inherited)",
				);
				GCC_WARN_64_TO_32_BIT_CONVERSION = YES;
				GCC_WARN_ABOUT_RETURN_TYPE = YES_ERROR;
				GCC_WARN_UNDECLARED_SELECTOR = YES;
				GCC_WARN_UNINITIALIZED_AUTOS = YES_AGGRESSIVE;
				GCC_WARN_UNUSED_FUNCTION = YES;
				GCC_WARN_UNUSED_VARIABLE = YES;
				IPHONEOS_DEPLOYMENT_TARGET = 9.2;
				MTL_ENABLE_DEBUG_INFO = YES;
				ONLY_ACTIVE_ARCH = YES;
				SDKROOT = iphoneos;
				SWIFT_OPTIMIZATION_LEVEL = "-Onone";
				SWIFT_VERSION = 3.0;
				TARGETED_DEVICE_FAMILY = "1,2";
			};
			name = Debug;
		};
		00E0F5DC1C3D16E8001478FB /* Release */ = {
			isa = XCBuildConfiguration;
			buildSettings = {
				ALWAYS_SEARCH_USER_PATHS = NO;
				CLANG_CXX_LANGUAGE_STANDARD = "gnu++0x";
				CLANG_CXX_LIBRARY = "libc++";
				CLANG_ENABLE_MODULES = YES;
				CLANG_ENABLE_OBJC_ARC = YES;
				CLANG_WARN_BOOL_CONVERSION = YES;
				CLANG_WARN_CONSTANT_CONVERSION = YES;
				CLANG_WARN_DIRECT_OBJC_ISA_USAGE = YES_ERROR;
				CLANG_WARN_EMPTY_BODY = YES;
				CLANG_WARN_ENUM_CONVERSION = YES;
				CLANG_WARN_INFINITE_RECURSION = YES;
				CLANG_WARN_INT_CONVERSION = YES;
				CLANG_WARN_OBJC_ROOT_CLASS = YES_ERROR;
				CLANG_WARN_SUSPICIOUS_MOVE = YES;
				CLANG_WARN_UNREACHABLE_CODE = YES;
				CLANG_WARN__DUPLICATE_METHOD_MATCH = YES;
				"CODE_SIGN_IDENTITY[sdk=iphoneos*]" = "iPhone Developer";
				COPY_PHASE_STRIP = NO;
				DEBUG_INFORMATION_FORMAT = "dwarf-with-dsym";
				ENABLE_NS_ASSERTIONS = NO;
				ENABLE_STRICT_OBJC_MSGSEND = YES;
				GCC_C_LANGUAGE_STANDARD = gnu99;
				GCC_NO_COMMON_BLOCKS = YES;
				GCC_WARN_64_TO_32_BIT_CONVERSION = YES;
				GCC_WARN_ABOUT_RETURN_TYPE = YES_ERROR;
				GCC_WARN_UNDECLARED_SELECTOR = YES;
				GCC_WARN_UNINITIALIZED_AUTOS = YES_AGGRESSIVE;
				GCC_WARN_UNUSED_FUNCTION = YES;
				GCC_WARN_UNUSED_VARIABLE = YES;
				IPHONEOS_DEPLOYMENT_TARGET = 9.2;
				MTL_ENABLE_DEBUG_INFO = NO;
				SDKROOT = iphoneos;
				SWIFT_OPTIMIZATION_LEVEL = "-Owholemodule";
				SWIFT_VERSION = 3.0;
				TARGETED_DEVICE_FAMILY = "1,2";
				VALIDATE_PRODUCT = YES;
			};
			name = Release;
		};
		00E0F5DE1C3D16E8001478FB /* Debug */ = {
			isa = XCBuildConfiguration;
			buildSettings = {
				ASSETCATALOG_COMPILER_APPICON_NAME = AppIcon;
				CLANG_ENABLE_MODULES = YES;
				FRAMEWORK_SEARCH_PATHS = "$(inherited)";
				INFOPLIST_FILE = "$(SRCROOT)/Example/Info.plist";
				LD_RUNPATH_SEARCH_PATHS = "$(inherited) @executable_path/Frameworks";
				PRODUCT_BUNDLE_IDENTIFIER = "com.baseviewcontrollerswift.iOS-Example";
				PRODUCT_NAME = "$(TARGET_NAME)";
				SWIFT_OPTIMIZATION_LEVEL = "-Onone";
				SWIFT_VERSION = 3.0;
			};
			name = Debug;
		};
		00E0F5DF1C3D16E8001478FB /* Release */ = {
			isa = XCBuildConfiguration;
			buildSettings = {
				ASSETCATALOG_COMPILER_APPICON_NAME = AppIcon;
				CLANG_ENABLE_MODULES = YES;
				FRAMEWORK_SEARCH_PATHS = "$(inherited)";
				INFOPLIST_FILE = "$(SRCROOT)/Example/Info.plist";
				LD_RUNPATH_SEARCH_PATHS = "$(inherited) @executable_path/Frameworks";
				PRODUCT_BUNDLE_IDENTIFIER = "com.baseviewcontrollerswift.iOS-Example";
				PRODUCT_NAME = "$(TARGET_NAME)";
				SWIFT_VERSION = 3.0;
			};
			name = Release;
		};
/* End XCBuildConfiguration section */

/* Begin XCConfigurationList section */
		00E0F5C61C3D16E8001478FB /* Build configuration list for PBXProject "iOS Example" */ = {
			isa = XCConfigurationList;
			buildConfigurations = (
				00E0F5DB1C3D16E8001478FB /* Debug */,
				00E0F5DC1C3D16E8001478FB /* Release */,
			);
			defaultConfigurationIsVisible = 0;
			defaultConfigurationName = Release;
		};
		00E0F5DD1C3D16E8001478FB /* Build configuration list for PBXNativeTarget "iOS Example" */ = {
			isa = XCConfigurationList;
			buildConfigurations = (
				00E0F5DE1C3D16E8001478FB /* Debug */,
				00E0F5DF1C3D16E8001478FB /* Release */,
			);
			defaultConfigurationIsVisible = 0;
			defaultConfigurationName = Release;
		};
/* End XCConfigurationList section */
	};
	rootObject = 00E0F5C31C3D16E8001478FB /* Project object */;
}
