// !$*UTF8*$!
{
	archiveVersion = 1;
	classes = {
	};
	objectVersion = 46;
	objects = {

/* Begin PBXBuildFile section */
		005153551C3D148D00C8533E /* BaseViewControllerSwift.framework in Frameworks */ = {isa = PBXBuildFile; fileRef = 0051534A1C3D148D00C8533E /* BaseViewControllerSwift.framework */; };
		005153681C3D154400C8533E /* BaseViewControllerSwift.h in Headers */ = {isa = PBXBuildFile; fileRef = 005153661C3D154400C8533E /* BaseViewControllerSwift.h */; settings = {ATTRIBUTES = (Public, ); }; };
		0051536C1C3D155500C8533E /* BaseViewControllerSwiftTests.swift in Sources */ = {isa = PBXBuildFile; fileRef = 0051536A1C3D155500C8533E /* BaseViewControllerSwiftTests.swift */; };
/* End PBXBuildFile section */

/* Begin PBXContainerItemProxy section */
		005153561C3D148D00C8533E /* PBXContainerItemProxy */ = {
			isa = PBXContainerItemProxy;
			containerPortal = 005153411C3D148D00C8533E /* Project object */;
			proxyType = 1;
			remoteGlobalIDString = 005153491C3D148D00C8533E;
			remoteInfo = BaseViewControllerSwift;
		};
/* End PBXContainerItemProxy section */

/* Begin PBXFileReference section */
		0051534A1C3D148D00C8533E /* BaseViewControllerSwift.framework */ = {isa = PBXFileReference; explicitFileType = wrapper.framework; includeInIndex = 0; path = BaseViewControllerSwift.framework; sourceTree = BUILT_PRODUCTS_DIR; };
		005153541C3D148D00C8533E /* BaseViewControllerSwift iOS Tests.xctest */ = {isa = PBXFileReference; explicitFileType = wrapper.cfbundle; includeInIndex = 0; path = "BaseViewControllerSwift iOS Tests.xctest"; sourceTree = BUILT_PRODUCTS_DIR; };
		005153661C3D154400C8533E /* BaseViewControllerSwift.h */ = {isa = PBXFileReference; fileEncoding = 4; lastKnownFileType = sourcecode.c.h; path = BaseViewControllerSwift.h; sourceTree = "<group>"; };
		005153671C3D154400C8533E /* Info.plist */ = {isa = PBXFileReference; fileEncoding = 4; lastKnownFileType = text.plist.xml; path = Info.plist; sourceTree = "<group>"; };
		0051536A1C3D155500C8533E /* BaseViewControllerSwiftTests.swift */ = {isa = PBXFileReference; fileEncoding = 4; lastKnownFileType = sourcecode.swift; path = BaseViewControllerSwiftTests.swift; sourceTree = "<group>"; };
		0051536B1C3D155500C8533E /* Info.plist */ = {isa = PBXFileReference; fileEncoding = 4; lastKnownFileType = text.plist.xml; path = Info.plist; sourceTree = "<group>"; };
/* End PBXFileReference section */

/* Begin PBXFrameworksBuildPhase section */
		005153461C3D148D00C8533E /* Frameworks */ = {
			isa = PBXFrameworksBuildPhase;
			buildActionMask = 2147483647;
			files = (
			);
			runOnlyForDeploymentPostprocessing = 0;
		};
		005153511C3D148D00C8533E /* Frameworks */ = {
			isa = PBXFrameworksBuildPhase;
			buildActionMask = 2147483647;
			files = (
				005153551C3D148D00C8533E /* BaseViewControllerSwift.framework in Frameworks */,
			);
			runOnlyForDeploymentPostprocessing = 0;
		};
/* End PBXFrameworksBuildPhase section */

/* Begin PBXGroup section */
		005153401C3D148D00C8533E = {
			isa = PBXGroup;
			children = (
				005153641C3D152300C8533E /* Sources */,
				005153651C3D152900C8533E /* Tests */,
				0051534B1C3D148D00C8533E /* Products */,
			);
			sourceTree = "<group>";
		};
		0051534B1C3D148D00C8533E /* Products */ = {
			isa = PBXGroup;
			children = (
				0051534A1C3D148D00C8533E /* BaseViewControllerSwift.framework */,
				005153541C3D148D00C8533E /* BaseViewControllerSwift iOS Tests.xctest */,
			);
			name = Products;
			sourceTree = "<group>";
		};
		005153641C3D152300C8533E /* Sources */ = {
			isa = PBXGroup;
			children = (
				00E0F5ED1C3D188A001478FB /* Supporting Files */,
			);
			path = Sources;
			sourceTree = "<group>";
		};
		005153651C3D152900C8533E /* Tests */ = {
			isa = PBXGroup;
			children = (
				0051536A1C3D155500C8533E /* BaseViewControllerSwiftTests.swift */,
				0051536B1C3D155500C8533E /* Info.plist */,
			);
			path = Tests;
			sourceTree = "<group>";
		};
		00E0F5ED1C3D188A001478FB /* Supporting Files */ = {
			isa = PBXGroup;
			children = (
				005153661C3D154400C8533E /* BaseViewControllerSwift.h */,
				005153671C3D154400C8533E /* Info.plist */,
			);
			name = "Supporting Files";
			sourceTree = "<group>";
		};
/* End PBXGroup section */

/* Begin PBXHeadersBuildPhase section */
		005153471C3D148D00C8533E /* Headers */ = {
			isa = PBXHeadersBuildPhase;
			buildActionMask = 2147483647;
			files = (
				005153681C3D154400C8533E /* BaseViewControllerSwift.h in Headers */,
			);
			runOnlyForDeploymentPostprocessing = 0;
		};
/* End PBXHeadersBuildPhase section */

/* Begin PBXNativeTarget section */
		005153491C3D148D00C8533E /* BaseViewControllerSwift iOS */ = {
			isa = PBXNativeTarget;
			buildConfigurationList = 0051535E1C3D148D00C8533E /* Build configuration list for PBXNativeTarget "BaseViewControllerSwift iOS" */;
			buildPhases = (
				005153451C3D148D00C8533E /* Sources */,
				005153461C3D148D00C8533E /* Frameworks */,
				005153471C3D148D00C8533E /* Headers */,
				005153481C3D148D00C8533E /* Resources */,
			);
			buildRules = (
			);
			dependencies = (
			);
			name = "BaseViewControllerSwift iOS";
			productName = BaseViewControllerSwift;
			productReference = 0051534A1C3D148D00C8533E /* BaseViewControllerSwift.framework */;
			productType = "com.apple.product-type.framework";
		};
		005153531C3D148D00C8533E /* BaseViewControllerSwift iOS Tests */ = {
			isa = PBXNativeTarget;
			buildConfigurationList = 005153611C3D148D00C8533E /* Build configuration list for PBXNativeTarget "BaseViewControllerSwift iOS Tests" */;
			buildPhases = (
				005153501C3D148D00C8533E /* Sources */,
				005153511C3D148D00C8533E /* Frameworks */,
				005153521C3D148D00C8533E /* Resources */,
			);
			buildRules = (
			);
			dependencies = (
				005153571C3D148D00C8533E /* PBXTargetDependency */,
			);
			name = "BaseViewControllerSwift iOS Tests";
			productName = BaseViewControllerSwiftTests;
			productReference = 005153541C3D148D00C8533E /* BaseViewControllerSwift iOS Tests.xctest */;
			productType = "com.apple.product-type.bundle.unit-test";
		};
/* End PBXNativeTarget section */

/* Begin PBXProject section */
		005153411C3D148D00C8533E /* Project object */ = {
			isa = PBXProject;
			attributes = {
				LastSwiftUpdateCheck = 0720;
				LastUpgradeCheck = 0720;
				ORGANIZATIONNAME = BaseViewControllerSwift;
				TargetAttributes = {
					005153491C3D148D00C8533E = {
						CreatedOnToolsVersion = 7.2;
					};
					005153531C3D148D00C8533E = {
						CreatedOnToolsVersion = 7.2;
					};
				};
			};
			buildConfigurationList = 005153441C3D148D00C8533E /* Build configuration list for PBXProject "BaseViewControllerSwift" */;
			compatibilityVersion = "Xcode 3.2";
			developmentRegion = English;
			hasScannedForEncodings = 0;
			knownRegions = (
				en,
			);
			mainGroup = 005153401C3D148D00C8533E;
			productRefGroup = 0051534B1C3D148D00C8533E /* Products */;
			projectDirPath = "";
			projectRoot = "";
			targets = (
				005153491C3D148D00C8533E /* BaseViewControllerSwift iOS */,
				005153531C3D148D00C8533E /* BaseViewControllerSwift iOS Tests */,
			);
		};
/* End PBXProject section */

/* Begin PBXResourcesBuildPhase section */
		005153481C3D148D00C8533E /* Resources */ = {
			isa = PBXResourcesBuildPhase;
			buildActionMask = 2147483647;
			files = (
			);
			runOnlyForDeploymentPostprocessing = 0;
		};
		005153521C3D148D00C8533E /* Resources */ = {
			isa = PBXResourcesBuildPhase;
			buildActionMask = 2147483647;
			files = (
			);
			runOnlyForDeploymentPostprocessing = 0;
		};
/* End PBXResourcesBuildPhase section */

/* Begin PBXSourcesBuildPhase section */
		005153451C3D148D00C8533E /* Sources */ = {
			isa = PBXSourcesBuildPhase;
			buildActionMask = 2147483647;
			files = (
			);
			runOnlyForDeploymentPostprocessing = 0;
		};
		005153501C3D148D00C8533E /* Sources */ = {
			isa = PBXSourcesBuildPhase;
			buildActionMask = 2147483647;
			files = (
				0051536C1C3D155500C8533E /* BaseViewControllerSwiftTests.swift in Sources */,
			);
			runOnlyForDeploymentPostprocessing = 0;
		};
/* End PBXSourcesBuildPhase section */

/* Begin PBXTargetDependency section */
		005153571C3D148D00C8533E /* PBXTargetDependency */ = {
			isa = PBXTargetDependency;
			target = 005153491C3D148D00C8533E /* BaseViewControllerSwift iOS */;
			targetProxy = 005153561C3D148D00C8533E /* PBXContainerItemProxy */;
		};
/* End PBXTargetDependency section */

/* Begin XCBuildConfiguration section */
		0051535C1C3D148D00C8533E /* Debug */ = {
			isa = XCBuildConfiguration;
			buildSettings = {
				ALWAYS_SEARCH_USER_PATHS = NO;
				CLANG_CXX_LANGUAGE_STANDARD = "gnu++0x";
				CLANG_CXX_LIBRARY = "libc++";
				CLANG_ENABLE_MODULES = YES;
				CLANG_ENABLE_OBJC_ARC = YES;
				CLANG_WARN_BOOL_CONVERSION = YES;
				CLANG_WARN_CONSTANT_CONVERSION = YES;
				CLANG_WARN_DIRECT_OBJC_ISA_USAGE = YES_ERROR;
				CLANG_WARN_EMPTY_BODY = YES;
				CLANG_WARN_ENUM_CONVERSION = YES;
				CLANG_WARN_INT_CONVERSION = YES;
				CLANG_WARN_OBJC_ROOT_CLASS = YES_ERROR;
				CLANG_WARN_UNREACHABLE_CODE = YES;
				CLANG_WARN__DUPLICATE_METHOD_MATCH = YES;
				"CODE_SIGN_IDENTITY[sdk=iphoneos*]" = "iPhone Developer";
				COPY_PHASE_STRIP = NO;
				CURRENT_PROJECT_VERSION = 1;
				DEBUG_INFORMATION_FORMAT = dwarf;
				ENABLE_STRICT_OBJC_MSGSEND = YES;
				ENABLE_TESTABILITY = YES;
				GCC_C_LANGUAGE_STANDARD = gnu99;
				GCC_DYNAMIC_NO_PIC = NO;
				GCC_NO_COMMON_BLOCKS = YES;
				GCC_OPTIMIZATION_LEVEL = 0;
				GCC_PREPROCESSOR_DEFINITIONS = (
					"DEBUG=1",
					"$(inherited)",
				);
				GCC_WARN_64_TO_32_BIT_CONVERSION = YES;
				GCC_WARN_ABOUT_RETURN_TYPE = YES_ERROR;
				GCC_WARN_UNDECLARED_SELECTOR = YES;
				GCC_WARN_UNINITIALIZED_AUTOS = YES_AGGRESSIVE;
				GCC_WARN_UNUSED_FUNCTION = YES;
				GCC_WARN_UNUSED_VARIABLE = YES;
				IPHONEOS_DEPLOYMENT_TARGET = 8.3;
				MTL_ENABLE_DEBUG_INFO = YES;
				ONLY_ACTIVE_ARCH = YES;
				SDKROOT = iphoneos;
				SWIFT_OPTIMIZATION_LEVEL = "-Onone";
				TARGETED_DEVICE_FAMILY = "1,2";
				VERSIONING_SYSTEM = "apple-generic";
				VERSION_INFO_PREFIX = "";
			};
			name = Debug;
		};
		0051535D1C3D148D00C8533E /* Release */ = {
			isa = XCBuildConfiguration;
			buildSettings = {
				ALWAYS_SEARCH_USER_PATHS = NO;
				CLANG_CXX_LANGUAGE_STANDARD = "gnu++0x";
				CLANG_CXX_LIBRARY = "libc++";
				CLANG_ENABLE_MODULES = YES;
				CLANG_ENABLE_OBJC_ARC = YES;
				CLANG_WARN_BOOL_CONVERSION = YES;
				CLANG_WARN_CONSTANT_CONVERSION = YES;
				CLANG_WARN_DIRECT_OBJC_ISA_USAGE = YES_ERROR;
				CLANG_WARN_EMPTY_BODY = YES;
				CLANG_WARN_ENUM_CONVERSION = YES;
				CLANG_WARN_INT_CONVERSION = YES;
				CLANG_WARN_OBJC_ROOT_CLASS = YES_ERROR;
				CLANG_WARN_UNREACHABLE_CODE = YES;
				CLANG_WARN__DUPLICATE_METHOD_MATCH = YES;
				"CODE_SIGN_IDENTITY[sdk=iphoneos*]" = "iPhone Developer";
				COPY_PHASE_STRIP = NO;
				CURRENT_PROJECT_VERSION = 1;
				DEBUG_INFORMATION_FORMAT = "dwarf-with-dsym";
				ENABLE_NS_ASSERTIONS = NO;
				ENABLE_STRICT_OBJC_MSGSEND = YES;
				GCC_C_LANGUAGE_STANDARD = gnu99;
				GCC_NO_COMMON_BLOCKS = YES;
				GCC_WARN_64_TO_32_BIT_CONVERSION = YES;
				GCC_WARN_ABOUT_RETURN_TYPE = YES_ERROR;
				GCC_WARN_UNDECLARED_SELECTOR = YES;
				GCC_WARN_UNINITIALIZED_AUTOS = YES_AGGRESSIVE;
				GCC_WARN_UNUSED_FUNCTION = YES;
				GCC_WARN_UNUSED_VARIABLE = YES;
				IPHONEOS_DEPLOYMENT_TARGET = 8.3;
				MTL_ENABLE_DEBUG_INFO = NO;
				SDKROOT = iphoneos;
				TARGETED_DEVICE_FAMILY = "1,2";
				VALIDATE_PRODUCT = YES;
				VERSIONING_SYSTEM = "apple-generic";
				VERSION_INFO_PREFIX = "";
			};
			name = Release;
		};
		0051535F1C3D148D00C8533E /* Debug */ = {
			isa = XCBuildConfiguration;
			buildSettings = {
				DEFINES_MODULE = YES;
				DYLIB_COMPATIBILITY_VERSION = 1;
				DYLIB_CURRENT_VERSION = 1;
				DYLIB_INSTALL_NAME_BASE = "@rpath";
				INFOPLIST_FILE = "$(SRCROOT)/Sources/Info.plist";
				INSTALL_PATH = "$(LOCAL_LIBRARY_DIR)/Frameworks";
				LD_RUNPATH_SEARCH_PATHS = "$(inherited) @executable_path/Frameworks @loader_path/Frameworks";
				PRODUCT_BUNDLE_IDENTIFIER = com.baseviewcontrollerswift.BaseViewControllerSwift;
				PRODUCT_NAME = BaseViewControllerSwift;
				SKIP_INSTALL = YES;
			};
			name = Debug;
		};
		005153601C3D148D00C8533E /* Release */ = {
			isa = XCBuildConfiguration;
			buildSettings = {
				DEFINES_MODULE = YES;
				DYLIB_COMPATIBILITY_VERSION = 1;
				DYLIB_CURRENT_VERSION = 1;
				DYLIB_INSTALL_NAME_BASE = "@rpath";
				INFOPLIST_FILE = "$(SRCROOT)/Sources/Info.plist";
				INSTALL_PATH = "$(LOCAL_LIBRARY_DIR)/Frameworks";
				LD_RUNPATH_SEARCH_PATHS = "$(inherited) @executable_path/Frameworks @loader_path/Frameworks";
				PRODUCT_BUNDLE_IDENTIFIER = com.baseviewcontrollerswift.BaseViewControllerSwift;
				PRODUCT_NAME = BaseViewControllerSwift;
				SKIP_INSTALL = YES;
			};
			name = Release;
		};
		005153621C3D148D00C8533E /* Debug */ = {
			isa = XCBuildConfiguration;
			buildSettings = {
				CLANG_ENABLE_MODULES = YES;
				INFOPLIST_FILE = "$(SRCROOT)/Tests/Info.plist";
				LD_RUNPATH_SEARCH_PATHS = "$(inherited) @executable_path/Frameworks @loader_path/Frameworks";
				PRODUCT_BUNDLE_IDENTIFIER = com.baseviewcontrollerswift.BaseViewControllerSwiftTests;
				PRODUCT_NAME = "$(TARGET_NAME)";
				SWIFT_OPTIMIZATION_LEVEL = "-Onone";
			};
			name = Debug;
		};
		005153631C3D148D00C8533E /* Release */ = {
			isa = XCBuildConfiguration;
			buildSettings = {
				CLANG_ENABLE_MODULES = YES;
				INFOPLIST_FILE = "$(SRCROOT)/Tests/Info.plist";
				LD_RUNPATH_SEARCH_PATHS = "$(inherited) @executable_path/Frameworks @loader_path/Frameworks";
				PRODUCT_BUNDLE_IDENTIFIER = com.baseviewcontrollerswift.BaseViewControllerSwiftTests;
				PRODUCT_NAME = "$(TARGET_NAME)";
			};
			name = Release;
		};
/* End XCBuildConfiguration section */

/* Begin XCConfigurationList section */
		005153441C3D148D00C8533E /* Build configuration list for PBXProject "BaseViewControllerSwift" */ = {
			isa = XCConfigurationList;
			buildConfigurations = (
				0051535C1C3D148D00C8533E /* Debug */,
				0051535D1C3D148D00C8533E /* Release */,
			);
			defaultConfigurationIsVisible = 0;
			defaultConfigurationName = Release;
		};
		0051535E1C3D148D00C8533E /* Build configuration list for PBXNativeTarget "BaseViewControllerSwift iOS" */ = {
			isa = XCConfigurationList;
			buildConfigurations = (
				0051535F1C3D148D00C8533E /* Debug */,
				005153601C3D148D00C8533E /* Release */,
			);
			defaultConfigurationIsVisible = 0;
			defaultConfigurationName = Release;
		};
		005153611C3D148D00C8533E /* Build configuration list for PBXNativeTarget "BaseViewControllerSwift iOS Tests" */ = {
			isa = XCConfigurationList;
			buildConfigurations = (
				005153621C3D148D00C8533E /* Debug */,
				005153631C3D148D00C8533E /* Release */,
			);
			defaultConfigurationIsVisible = 0;
			defaultConfigurationName = Release;
		};
/* End XCConfigurationList section */
	};
	rootObject = 005153411C3D148D00C8533E /* Project object */;
}
